
Microsoft Visual Studio Solution File, Format Version 12.00
# Visual Studio Version 17
VisualStudioVersion = 17.0.31717.71
MinimumVisualStudioVersion = 10.0.40219.1
Project("{2150E333-8FDC-42A3-9474-1A3956D46DE8}") = "Solution Items", "Solution Items", "{716FB136-B7C0-40BA-ABD7-BE0B2F6338F6}"
	ProjectSection(SolutionItems) = preProject
		.editorconfig = .editorconfig
		docker-compose.yml = docker-compose.yml
		kafka.md = kafka.md
	EndProjectSection
EndProject
Project("{9A19103F-16F7-4668-BE54-9A1E7A4F7556}") = "Common", "Common\Common.csproj", "{07B6E246-64B0-42F9-B507-49116429115A}"
EndProject
Project("{9A19103F-16F7-4668-BE54-9A1E7A4F7556}") = "Consumer", "Consumer\Consumer.csproj", "{A65FF59F-F13F-425F-B910-18EB71847FC5}"
EndProject
Project("{9A19103F-16F7-4668-BE54-9A1E7A4F7556}") = "Producer", "Producer\Producer.csproj", "{0CA7A518-334B-453A-A118-12CB7618344F}"
EndProject
Global
	GlobalSection(SolutionConfigurationPlatforms) = preSolution
		Debug|Any CPU = Debug|Any CPU
		Release|Any CPU = Release|Any CPU
	EndGlobalSection
	GlobalSection(ProjectConfigurationPlatforms) = postSolution
		{07B6E246-64B0-42F9-B507-49116429115A}.Debug|Any CPU.ActiveCfg = Debug|Any CPU
		{07B6E246-64B0-42F9-B507-49116429115A}.Debug|Any CPU.Build.0 = Debug|Any CPU
		{07B6E246-64B0-42F9-B507-49116429115A}.Release|Any CPU.ActiveCfg = Release|Any CPU
		{07B6E246-64B0-42F9-B507-49116429115A}.Release|Any CPU.Build.0 = Release|Any CPU
		{A65FF59F-F13F-425F-B910-18EB71847FC5}.Debug|Any CPU.ActiveCfg = Debug|Any CPU
		{A65FF59F-F13F-425F-B910-18EB71847FC5}.Debug|Any CPU.Build.0 = Debug|Any CPU
		{A65FF59F-F13F-425F-B910-18EB71847FC5}.Release|Any CPU.ActiveCfg = Release|Any CPU
		{A65FF59F-F13F-425F-B910-18EB71847FC5}.Release|Any CPU.Build.0 = Release|Any CPU
		{0CA7A518-334B-453A-A118-12CB7618344F}.Debug|Any CPU.ActiveCfg = Debug|Any CPU
		{0CA7A518-334B-453A-A118-12CB7618344F}.Debug|Any CPU.Build.0 = Debug|Any CPU
		{0CA7A518-334B-453A-A118-12CB7618344F}.Release|Any CPU.ActiveCfg = Release|Any CPU
		{0CA7A518-334B-453A-A118-12CB7618344F}.Release|Any CPU.Build.0 = Release|Any CPU
	EndGlobalSection
	GlobalSection(SolutionProperties) = preSolution
		HideSolutionNode = FALSE
	EndGlobalSection
	GlobalSection(ExtensibilityGlobals) = postSolution
		SolutionGuid = {2C4F1BDC-DDC7-4E62-92A5-52675AD1A856}
	EndGlobalSection
EndGlobal
