
Microsoft Visual Studio Solution File, Format Version 12.00
# Visual Studio Version 17
VisualStudioVersion = 17.0.31717.71
MinimumVisualStudioVersion = 10.0.40219.1
Project("{9A19103F-16F7-4668-BE54-9A1E7A4F7556}") = "Consumer", "CentralHub\Consumer.csproj", "{AD1D34B6-B487-493E-807A-A6FBEBA4A0AE}"
EndProject
Project("{2150E333-8FDC-42A3-9474-1A3956D46DE8}") = "Solution Items", "Solution Items", "{716FB136-B7C0-40BA-ABD7-BE0B2F6338F6}"
	ProjectSection(SolutionItems) = preProject
		.editorconfig = .editorconfig
		docker-compose.yml = docker-compose.yml
		kafka.md = kafka.md
	EndProjectSection
EndProject
Project("{9A19103F-16F7-4668-BE54-9A1E7A4F7556}") = "Common", "Common\Common.csproj", "{07B6E246-64B0-42F9-B507-49116429115A}"
EndProject
Project("{9A19103F-16F7-4668-BE54-9A1E7A4F7556}") = "Producer", "Station\Producer.csproj", "{A9B51147-9ED0-4AA8-BFA1-794056D2E03B}"
EndProject
Project("{9A19103F-16F7-4668-BE54-9A1E7A4F7556}") = "Kafka", "Kafka\Kafka.csproj", "{4DE5623B-AC7F-48AB-9B70-851DB8B5AC51}"
EndProject
Global
	GlobalSection(SolutionConfigurationPlatforms) = preSolution
		Debug|Any CPU = Debug|Any CPU
		Release|Any CPU = Release|Any CPU
	EndGlobalSection
	GlobalSection(ProjectConfigurationPlatforms) = postSolution
		{AD1D34B6-B487-493E-807A-A6FBEBA4A0AE}.Debug|Any CPU.ActiveCfg = Debug|Any CPU
		{AD1D34B6-B487-493E-807A-A6FBEBA4A0AE}.Debug|Any CPU.Build.0 = Debug|Any CPU
		{AD1D34B6-B487-493E-807A-A6FBEBA4A0AE}.Release|Any CPU.ActiveCfg = Release|Any CPU
		{AD1D34B6-B487-493E-807A-A6FBEBA4A0AE}.Release|Any CPU.Build.0 = Release|Any CPU
		{07B6E246-64B0-42F9-B507-49116429115A}.Debug|Any CPU.ActiveCfg = Debug|Any CPU
		{07B6E246-64B0-42F9-B507-49116429115A}.Debug|Any CPU.Build.0 = Debug|Any CPU
		{07B6E246-64B0-42F9-B507-49116429115A}.Release|Any CPU.ActiveCfg = Release|Any CPU
		{07B6E246-64B0-42F9-B507-49116429115A}.Release|Any CPU.Build.0 = Release|Any CPU
		{A9B51147-9ED0-4AA8-BFA1-794056D2E03B}.Debug|Any CPU.ActiveCfg = Debug|Any CPU
		{A9B51147-9ED0-4AA8-BFA1-794056D2E03B}.Debug|Any CPU.Build.0 = Debug|Any CPU
		{A9B51147-9ED0-4AA8-BFA1-794056D2E03B}.Release|Any CPU.ActiveCfg = Release|Any CPU
		{A9B51147-9ED0-4AA8-BFA1-794056D2E03B}.Release|Any CPU.Build.0 = Release|Any CPU
		{4DE5623B-AC7F-48AB-9B70-851DB8B5AC51}.Debug|Any CPU.ActiveCfg = Debug|Any CPU
		{4DE5623B-AC7F-48AB-9B70-851DB8B5AC51}.Debug|Any CPU.Build.0 = Debug|Any CPU
		{4DE5623B-AC7F-48AB-9B70-851DB8B5AC51}.Release|Any CPU.ActiveCfg = Release|Any CPU
		{4DE5623B-AC7F-48AB-9B70-851DB8B5AC51}.Release|Any CPU.Build.0 = Release|Any CPU
	EndGlobalSection
	GlobalSection(SolutionProperties) = preSolution
		HideSolutionNode = FALSE
	EndGlobalSection
	GlobalSection(ExtensibilityGlobals) = postSolution
		SolutionGuid = {2C4F1BDC-DDC7-4E62-92A5-52675AD1A856}
	EndGlobalSection
EndGlobal
